
Microsoft Visual Studio Solution File, Format Version 12.00
# Visual Studio 15
VisualStudioVersion = 15.0.28010.2046
MinimumVisualStudioVersion = 10.0.40219.1
Project("{FAE04EC0-301F-11D3-BF4B-00C04F79EFBC}") = "XFChallenge.Android", "XFChallenge\XFChallenge.Android\XFChallenge.Android.csproj", "{D6D78B9F-ED26-4E87-8D51-3AD0C14BE477}"
EndProject
Project("{FAE04EC0-301F-11D3-BF4B-00C04F79EFBC}") = "XFChallenge.iOS", "XFChallenge\XFChallenge.iOS\XFChallenge.iOS.csproj", "{9E3166B7-E710-4369-B001-3FA506F216AF}"
EndProject
Project("{FAE04EC0-301F-11D3-BF4B-00C04F79EFBC}") = "XFChallenge.UWP", "XFChallenge\XFChallenge.UWP\XFChallenge.UWP.csproj", "{F3C0C93E-6376-4ECF-AB35-CE9914FB9087}"
EndProject
Project("{FAE04EC0-301F-11D3-BF4B-00C04F79EFBC}") = "XFChallenge", "XFChallenge\XFChallenge\XFChallenge.csproj", "{C90DAA08-8507-4986-A2C2-B96DCA33A947}"
EndProject
Project("{FAE04EC0-301F-11D3-BF4B-00C04F79EFBC}") = "XFChallenge.WPF", "XFChallenge\XFChallenge.WPF\XFChallenge.WPF.csproj", "{AA892179-6DAA-4B11-BCE6-9EFDB72BE060}"
EndProject
Project("{FAE04EC0-301F-11D3-BF4B-00C04F79EFBC}") = "XFChallenge.Tizen", "XFChallenge\XFChallenge.Tizen\XFChallenge.Tizen\XFChallenge.Tizen.csproj", "{9157E3F9-3CFB-42D2-A3AE-CFA63316D058}"
EndProject
Global
	GlobalSection(SolutionConfigurationPlatforms) = preSolution
		Ad-Hoc|Any CPU = Ad-Hoc|Any CPU
		Ad-Hoc|ARM = Ad-Hoc|ARM
		Ad-Hoc|iPhone = Ad-Hoc|iPhone
		Ad-Hoc|iPhoneSimulator = Ad-Hoc|iPhoneSimulator
		Ad-Hoc|x64 = Ad-Hoc|x64
		Ad-Hoc|x86 = Ad-Hoc|x86
		AppStore|Any CPU = AppStore|Any CPU
		AppStore|ARM = AppStore|ARM
		AppStore|iPhone = AppStore|iPhone
		AppStore|iPhoneSimulator = AppStore|iPhoneSimulator
		AppStore|x64 = AppStore|x64
		AppStore|x86 = AppStore|x86
		Debug|Any CPU = Debug|Any CPU
		Debug|ARM = Debug|ARM
		Debug|iPhone = Debug|iPhone
		Debug|iPhoneSimulator = Debug|iPhoneSimulator
		Debug|x64 = Debug|x64
		Debug|x86 = Debug|x86
		Release|Any CPU = Release|Any CPU
		Release|ARM = Release|ARM
		Release|iPhone = Release|iPhone
		Release|iPhoneSimulator = Release|iPhoneSimulator
		Release|x64 = Release|x64
		Release|x86 = Release|x86
	EndGlobalSection
	GlobalSection(ProjectConfigurationPlatforms) = postSolution
		{D6D78B9F-ED26-4E87-8D51-3AD0C14BE477}.Ad-Hoc|Any CPU.ActiveCfg = Release|Any CPU
		{D6D78B9F-ED26-4E87-8D51-3AD0C14BE477}.Ad-Hoc|Any CPU.Build.0 = Release|Any CPU
		{D6D78B9F-ED26-4E87-8D51-3AD0C14BE477}.Ad-Hoc|Any CPU.Deploy.0 = Release|Any CPU
		{D6D78B9F-ED26-4E87-8D51-3AD0C14BE477}.Ad-Hoc|ARM.ActiveCfg = Release|Any CPU
		{D6D78B9F-ED26-4E87-8D51-3AD0C14BE477}.Ad-Hoc|ARM.Build.0 = Release|Any CPU
		{D6D78B9F-ED26-4E87-8D51-3AD0C14BE477}.Ad-Hoc|ARM.Deploy.0 = Release|Any CPU
		{D6D78B9F-ED26-4E87-8D51-3AD0C14BE477}.Ad-Hoc|iPhone.ActiveCfg = Release|Any CPU
		{D6D78B9F-ED26-4E87-8D51-3AD0C14BE477}.Ad-Hoc|iPhone.Build.0 = Release|Any CPU
		{D6D78B9F-ED26-4E87-8D51-3AD0C14BE477}.Ad-Hoc|iPhone.Deploy.0 = Release|Any CPU
		{D6D78B9F-ED26-4E87-8D51-3AD0C14BE477}.Ad-Hoc|iPhoneSimulator.ActiveCfg = Release|Any CPU
		{D6D78B9F-ED26-4E87-8D51-3AD0C14BE477}.Ad-Hoc|iPhoneSimulator.Build.0 = Release|Any CPU
		{D6D78B9F-ED26-4E87-8D51-3AD0C14BE477}.Ad-Hoc|iPhoneSimulator.Deploy.0 = Release|Any CPU
		{D6D78B9F-ED26-4E87-8D51-3AD0C14BE477}.Ad-Hoc|x64.ActiveCfg = Release|Any CPU
		{D6D78B9F-ED26-4E87-8D51-3AD0C14BE477}.Ad-Hoc|x64.Build.0 = Release|Any CPU
		{D6D78B9F-ED26-4E87-8D51-3AD0C14BE477}.Ad-Hoc|x64.Deploy.0 = Release|Any CPU
		{D6D78B9F-ED26-4E87-8D51-3AD0C14BE477}.Ad-Hoc|x86.ActiveCfg = Release|Any CPU
		{D6D78B9F-ED26-4E87-8D51-3AD0C14BE477}.Ad-Hoc|x86.Build.0 = Release|Any CPU
		{D6D78B9F-ED26-4E87-8D51-3AD0C14BE477}.Ad-Hoc|x86.Deploy.0 = Release|Any CPU
		{D6D78B9F-ED26-4E87-8D51-3AD0C14BE477}.AppStore|Any CPU.ActiveCfg = Release|Any CPU
		{D6D78B9F-ED26-4E87-8D51-3AD0C14BE477}.AppStore|Any CPU.Build.0 = Release|Any CPU
		{D6D78B9F-ED26-4E87-8D51-3AD0C14BE477}.AppStore|Any CPU.Deploy.0 = Release|Any CPU
		{D6D78B9F-ED26-4E87-8D51-3AD0C14BE477}.AppStore|ARM.ActiveCfg = Release|Any CPU
		{D6D78B9F-ED26-4E87-8D51-3AD0C14BE477}.AppStore|ARM.Build.0 = Release|Any CPU
		{D6D78B9F-ED26-4E87-8D51-3AD0C14BE477}.AppStore|ARM.Deploy.0 = Release|Any CPU
		{D6D78B9F-ED26-4E87-8D51-3AD0C14BE477}.AppStore|iPhone.ActiveCfg = Release|Any CPU
		{D6D78B9F-ED26-4E87-8D51-3AD0C14BE477}.AppStore|iPhone.Build.0 = Release|Any CPU
		{D6D78B9F-ED26-4E87-8D51-3AD0C14BE477}.AppStore|iPhone.Deploy.0 = Release|Any CPU
		{D6D78B9F-ED26-4E87-8D51-3AD0C14BE477}.AppStore|iPhoneSimulator.ActiveCfg = Release|Any CPU
		{D6D78B9F-ED26-4E87-8D51-3AD0C14BE477}.AppStore|iPhoneSimulator.Build.0 = Release|Any CPU
		{D6D78B9F-ED26-4E87-8D51-3AD0C14BE477}.AppStore|iPhoneSimulator.Deploy.0 = Release|Any CPU
		{D6D78B9F-ED26-4E87-8D51-3AD0C14BE477}.AppStore|x64.ActiveCfg = Release|Any CPU
		{D6D78B9F-ED26-4E87-8D51-3AD0C14BE477}.AppStore|x64.Build.0 = Release|Any CPU
		{D6D78B9F-ED26-4E87-8D51-3AD0C14BE477}.AppStore|x64.Deploy.0 = Release|Any CPU
		{D6D78B9F-ED26-4E87-8D51-3AD0C14BE477}.AppStore|x86.ActiveCfg = Release|Any CPU
		{D6D78B9F-ED26-4E87-8D51-3AD0C14BE477}.AppStore|x86.Build.0 = Release|Any CPU
		{D6D78B9F-ED26-4E87-8D51-3AD0C14BE477}.AppStore|x86.Deploy.0 = Release|Any CPU
		{D6D78B9F-ED26-4E87-8D51-3AD0C14BE477}.Debug|Any CPU.ActiveCfg = Debug|Any CPU
		{D6D78B9F-ED26-4E87-8D51-3AD0C14BE477}.Debug|Any CPU.Build.0 = Debug|Any CPU
		{D6D78B9F-ED26-4E87-8D51-3AD0C14BE477}.Debug|Any CPU.Deploy.0 = Debug|Any CPU
		{D6D78B9F-ED26-4E87-8D51-3AD0C14BE477}.Debug|ARM.ActiveCfg = Debug|Any CPU
		{D6D78B9F-ED26-4E87-8D51-3AD0C14BE477}.Debug|ARM.Build.0 = Debug|Any CPU
		{D6D78B9F-ED26-4E87-8D51-3AD0C14BE477}.Debug|ARM.Deploy.0 = Debug|Any CPU
		{D6D78B9F-ED26-4E87-8D51-3AD0C14BE477}.Debug|iPhone.ActiveCfg = Debug|Any CPU
		{D6D78B9F-ED26-4E87-8D51-3AD0C14BE477}.Debug|iPhone.Build.0 = Debug|Any CPU
		{D6D78B9F-ED26-4E87-8D51-3AD0C14BE477}.Debug|iPhone.Deploy.0 = Debug|Any CPU
		{D6D78B9F-ED26-4E87-8D51-3AD0C14BE477}.Debug|iPhoneSimulator.ActiveCfg = Debug|Any CPU
		{D6D78B9F-ED26-4E87-8D51-3AD0C14BE477}.Debug|iPhoneSimulator.Build.0 = Debug|Any CPU
		{D6D78B9F-ED26-4E87-8D51-3AD0C14BE477}.Debug|iPhoneSimulator.Deploy.0 = Debug|Any CPU
		{D6D78B9F-ED26-4E87-8D51-3AD0C14BE477}.Debug|x64.ActiveCfg = Debug|Any CPU
		{D6D78B9F-ED26-4E87-8D51-3AD0C14BE477}.Debug|x64.Build.0 = Debug|Any CPU
		{D6D78B9F-ED26-4E87-8D51-3AD0C14BE477}.Debug|x64.Deploy.0 = Debug|Any CPU
		{D6D78B9F-ED26-4E87-8D51-3AD0C14BE477}.Debug|x86.ActiveCfg = Debug|Any CPU
		{D6D78B9F-ED26-4E87-8D51-3AD0C14BE477}.Debug|x86.Build.0 = Debug|Any CPU
		{D6D78B9F-ED26-4E87-8D51-3AD0C14BE477}.Debug|x86.Deploy.0 = Debug|Any CPU
		{D6D78B9F-ED26-4E87-8D51-3AD0C14BE477}.Release|Any CPU.ActiveCfg = Release|Any CPU
		{D6D78B9F-ED26-4E87-8D51-3AD0C14BE477}.Release|Any CPU.Build.0 = Release|Any CPU
		{D6D78B9F-ED26-4E87-8D51-3AD0C14BE477}.Release|Any CPU.Deploy.0 = Release|Any CPU
		{D6D78B9F-ED26-4E87-8D51-3AD0C14BE477}.Release|ARM.ActiveCfg = Release|Any CPU
		{D6D78B9F-ED26-4E87-8D51-3AD0C14BE477}.Release|ARM.Build.0 = Release|Any CPU
		{D6D78B9F-ED26-4E87-8D51-3AD0C14BE477}.Release|ARM.Deploy.0 = Release|Any CPU
		{D6D78B9F-ED26-4E87-8D51-3AD0C14BE477}.Release|iPhone.ActiveCfg = Release|Any CPU
		{D6D78B9F-ED26-4E87-8D51-3AD0C14BE477}.Release|iPhone.Build.0 = Release|Any CPU
		{D6D78B9F-ED26-4E87-8D51-3AD0C14BE477}.Release|iPhone.Deploy.0 = Release|Any CPU
		{D6D78B9F-ED26-4E87-8D51-3AD0C14BE477}.Release|iPhoneSimulator.ActiveCfg = Release|Any CPU
		{D6D78B9F-ED26-4E87-8D51-3AD0C14BE477}.Release|iPhoneSimulator.Build.0 = Release|Any CPU
		{D6D78B9F-ED26-4E87-8D51-3AD0C14BE477}.Release|iPhoneSimulator.Deploy.0 = Release|Any CPU
		{D6D78B9F-ED26-4E87-8D51-3AD0C14BE477}.Release|x64.ActiveCfg = Release|Any CPU
		{D6D78B9F-ED26-4E87-8D51-3AD0C14BE477}.Release|x64.Build.0 = Release|Any CPU
		{D6D78B9F-ED26-4E87-8D51-3AD0C14BE477}.Release|x64.Deploy.0 = Release|Any CPU
		{D6D78B9F-ED26-4E87-8D51-3AD0C14BE477}.Release|x86.ActiveCfg = Release|Any CPU
		{D6D78B9F-ED26-4E87-8D51-3AD0C14BE477}.Release|x86.Build.0 = Release|Any CPU
		{D6D78B9F-ED26-4E87-8D51-3AD0C14BE477}.Release|x86.Deploy.0 = Release|Any CPU
		{9E3166B7-E710-4369-B001-3FA506F216AF}.Ad-Hoc|Any CPU.ActiveCfg = Ad-Hoc|iPhone
		{9E3166B7-E710-4369-B001-3FA506F216AF}.Ad-Hoc|Any CPU.Build.0 = Ad-Hoc|iPhone
		{9E3166B7-E710-4369-B001-3FA506F216AF}.Ad-Hoc|Any CPU.Deploy.0 = Ad-Hoc|iPhone
		{9E3166B7-E710-4369-B001-3FA506F216AF}.Ad-Hoc|ARM.ActiveCfg = Ad-Hoc|iPhone
		{9E3166B7-E710-4369-B001-3FA506F216AF}.Ad-Hoc|ARM.Build.0 = Ad-Hoc|iPhone
		{9E3166B7-E710-4369-B001-3FA506F216AF}.Ad-Hoc|ARM.Deploy.0 = Ad-Hoc|iPhone
		{9E3166B7-E710-4369-B001-3FA506F216AF}.Ad-Hoc|iPhone.ActiveCfg = Ad-Hoc|iPhone
		{9E3166B7-E710-4369-B001-3FA506F216AF}.Ad-Hoc|iPhone.Build.0 = Ad-Hoc|iPhone
		{9E3166B7-E710-4369-B001-3FA506F216AF}.Ad-Hoc|iPhone.Deploy.0 = Ad-Hoc|iPhone
		{9E3166B7-E710-4369-B001-3FA506F216AF}.Ad-Hoc|iPhoneSimulator.ActiveCfg = Ad-Hoc|iPhoneSimulator
		{9E3166B7-E710-4369-B001-3FA506F216AF}.Ad-Hoc|iPhoneSimulator.Build.0 = Ad-Hoc|iPhoneSimulator
		{9E3166B7-E710-4369-B001-3FA506F216AF}.Ad-Hoc|iPhoneSimulator.Deploy.0 = Ad-Hoc|iPhoneSimulator
		{9E3166B7-E710-4369-B001-3FA506F216AF}.Ad-Hoc|x64.ActiveCfg = Ad-Hoc|iPhone
		{9E3166B7-E710-4369-B001-3FA506F216AF}.Ad-Hoc|x64.Build.0 = Ad-Hoc|iPhone
		{9E3166B7-E710-4369-B001-3FA506F216AF}.Ad-Hoc|x64.Deploy.0 = Ad-Hoc|iPhone
		{9E3166B7-E710-4369-B001-3FA506F216AF}.Ad-Hoc|x86.ActiveCfg = Ad-Hoc|iPhone
		{9E3166B7-E710-4369-B001-3FA506F216AF}.Ad-Hoc|x86.Build.0 = Ad-Hoc|iPhone
		{9E3166B7-E710-4369-B001-3FA506F216AF}.Ad-Hoc|x86.Deploy.0 = Ad-Hoc|iPhone
		{9E3166B7-E710-4369-B001-3FA506F216AF}.AppStore|Any CPU.ActiveCfg = AppStore|iPhone
		{9E3166B7-E710-4369-B001-3FA506F216AF}.AppStore|Any CPU.Build.0 = AppStore|iPhone
		{9E3166B7-E710-4369-B001-3FA506F216AF}.AppStore|Any CPU.Deploy.0 = AppStore|iPhone
		{9E3166B7-E710-4369-B001-3FA506F216AF}.AppStore|ARM.ActiveCfg = AppStore|iPhone
		{9E3166B7-E710-4369-B001-3FA506F216AF}.AppStore|ARM.Build.0 = AppStore|iPhone
		{9E3166B7-E710-4369-B001-3FA506F216AF}.AppStore|ARM.Deploy.0 = AppStore|iPhone
		{9E3166B7-E710-4369-B001-3FA506F216AF}.AppStore|iPhone.ActiveCfg = AppStore|iPhone
		{9E3166B7-E710-4369-B001-3FA506F216AF}.AppStore|iPhone.Build.0 = AppStore|iPhone
		{9E3166B7-E710-4369-B001-3FA506F216AF}.AppStore|iPhone.Deploy.0 = AppStore|iPhone
		{9E3166B7-E710-4369-B001-3FA506F216AF}.AppStore|iPhoneSimulator.ActiveCfg = AppStore|iPhoneSimulator
		{9E3166B7-E710-4369-B001-3FA506F216AF}.AppStore|iPhoneSimulator.Build.0 = AppStore|iPhoneSimulator
		{9E3166B7-E710-4369-B001-3FA506F216AF}.AppStore|iPhoneSimulator.Deploy.0 = AppStore|iPhoneSimulator
		{9E3166B7-E710-4369-B001-3FA506F216AF}.AppStore|x64.ActiveCfg = AppStore|iPhone
		{9E3166B7-E710-4369-B001-3FA506F216AF}.AppStore|x64.Build.0 = AppStore|iPhone
		{9E3166B7-E710-4369-B001-3FA506F216AF}.AppStore|x64.Deploy.0 = AppStore|iPhone
		{9E3166B7-E710-4369-B001-3FA506F216AF}.AppStore|x86.ActiveCfg = AppStore|iPhone
		{9E3166B7-E710-4369-B001-3FA506F216AF}.AppStore|x86.Build.0 = AppStore|iPhone
		{9E3166B7-E710-4369-B001-3FA506F216AF}.AppStore|x86.Deploy.0 = AppStore|iPhone
		{9E3166B7-E710-4369-B001-3FA506F216AF}.Debug|Any CPU.ActiveCfg = Debug|iPhoneSimulator
		{9E3166B7-E710-4369-B001-3FA506F216AF}.Debug|Any CPU.Build.0 = Debug|iPhoneSimulator
		{9E3166B7-E710-4369-B001-3FA506F216AF}.Debug|Any CPU.Deploy.0 = Debug|iPhoneSimulator
		{9E3166B7-E710-4369-B001-3FA506F216AF}.Debug|ARM.ActiveCfg = Debug|iPhone
		{9E3166B7-E710-4369-B001-3FA506F216AF}.Debug|ARM.Build.0 = Debug|iPhone
		{9E3166B7-E710-4369-B001-3FA506F216AF}.Debug|ARM.Deploy.0 = Debug|iPhone
		{9E3166B7-E710-4369-B001-3FA506F216AF}.Debug|iPhone.ActiveCfg = Debug|iPhone
		{9E3166B7-E710-4369-B001-3FA506F216AF}.Debug|iPhone.Build.0 = Debug|iPhone
		{9E3166B7-E710-4369-B001-3FA506F216AF}.Debug|iPhone.Deploy.0 = Debug|iPhone
		{9E3166B7-E710-4369-B001-3FA506F216AF}.Debug|iPhoneSimulator.ActiveCfg = Debug|iPhoneSimulator
		{9E3166B7-E710-4369-B001-3FA506F216AF}.Debug|iPhoneSimulator.Build.0 = Debug|iPhoneSimulator
		{9E3166B7-E710-4369-B001-3FA506F216AF}.Debug|iPhoneSimulator.Deploy.0 = Debug|iPhoneSimulator
		{9E3166B7-E710-4369-B001-3FA506F216AF}.Debug|x64.ActiveCfg = Debug|iPhone
		{9E3166B7-E710-4369-B001-3FA506F216AF}.Debug|x64.Build.0 = Debug|iPhone
		{9E3166B7-E710-4369-B001-3FA506F216AF}.Debug|x64.Deploy.0 = Debug|iPhone
		{9E3166B7-E710-4369-B001-3FA506F216AF}.Debug|x86.ActiveCfg = Debug|iPhone
		{9E3166B7-E710-4369-B001-3FA506F216AF}.Debug|x86.Build.0 = Debug|iPhone
		{9E3166B7-E710-4369-B001-3FA506F216AF}.Debug|x86.Deploy.0 = Debug|iPhone
		{9E3166B7-E710-4369-B001-3FA506F216AF}.Release|Any CPU.ActiveCfg = Release|iPhone
		{9E3166B7-E710-4369-B001-3FA506F216AF}.Release|Any CPU.Build.0 = Release|iPhone
		{9E3166B7-E710-4369-B001-3FA506F216AF}.Release|Any CPU.Deploy.0 = Release|iPhone
		{9E3166B7-E710-4369-B001-3FA506F216AF}.Release|ARM.ActiveCfg = Release|iPhone
		{9E3166B7-E710-4369-B001-3FA506F216AF}.Release|ARM.Build.0 = Release|iPhone
		{9E3166B7-E710-4369-B001-3FA506F216AF}.Release|ARM.Deploy.0 = Release|iPhone
		{9E3166B7-E710-4369-B001-3FA506F216AF}.Release|iPhone.ActiveCfg = Release|iPhone
		{9E3166B7-E710-4369-B001-3FA506F216AF}.Release|iPhone.Build.0 = Release|iPhone
		{9E3166B7-E710-4369-B001-3FA506F216AF}.Release|iPhone.Deploy.0 = Release|iPhone
		{9E3166B7-E710-4369-B001-3FA506F216AF}.Release|iPhoneSimulator.ActiveCfg = Release|iPhoneSimulator
		{9E3166B7-E710-4369-B001-3FA506F216AF}.Release|iPhoneSimulator.Build.0 = Release|iPhoneSimulator
		{9E3166B7-E710-4369-B001-3FA506F216AF}.Release|iPhoneSimulator.Deploy.0 = Release|iPhoneSimulator
		{9E3166B7-E710-4369-B001-3FA506F216AF}.Release|x64.ActiveCfg = Release|iPhone
		{9E3166B7-E710-4369-B001-3FA506F216AF}.Release|x64.Build.0 = Release|iPhone
		{9E3166B7-E710-4369-B001-3FA506F216AF}.Release|x64.Deploy.0 = Release|iPhone
		{9E3166B7-E710-4369-B001-3FA506F216AF}.Release|x86.ActiveCfg = Release|iPhone
		{9E3166B7-E710-4369-B001-3FA506F216AF}.Release|x86.Build.0 = Release|iPhone
		{9E3166B7-E710-4369-B001-3FA506F216AF}.Release|x86.Deploy.0 = Release|iPhone
		{F3C0C93E-6376-4ECF-AB35-CE9914FB9087}.Ad-Hoc|Any CPU.ActiveCfg = Release|x86
		{F3C0C93E-6376-4ECF-AB35-CE9914FB9087}.Ad-Hoc|Any CPU.Build.0 = Release|x86
		{F3C0C93E-6376-4ECF-AB35-CE9914FB9087}.Ad-Hoc|Any CPU.Deploy.0 = Release|x86
		{F3C0C93E-6376-4ECF-AB35-CE9914FB9087}.Ad-Hoc|ARM.ActiveCfg = Release|ARM
		{F3C0C93E-6376-4ECF-AB35-CE9914FB9087}.Ad-Hoc|ARM.Build.0 = Release|ARM
		{F3C0C93E-6376-4ECF-AB35-CE9914FB9087}.Ad-Hoc|ARM.Deploy.0 = Release|ARM
		{F3C0C93E-6376-4ECF-AB35-CE9914FB9087}.Ad-Hoc|iPhone.ActiveCfg = Release|x86
		{F3C0C93E-6376-4ECF-AB35-CE9914FB9087}.Ad-Hoc|iPhone.Build.0 = Release|x86
		{F3C0C93E-6376-4ECF-AB35-CE9914FB9087}.Ad-Hoc|iPhone.Deploy.0 = Release|x86
		{F3C0C93E-6376-4ECF-AB35-CE9914FB9087}.Ad-Hoc|iPhoneSimulator.ActiveCfg = Release|x86
		{F3C0C93E-6376-4ECF-AB35-CE9914FB9087}.Ad-Hoc|iPhoneSimulator.Build.0 = Release|x86
		{F3C0C93E-6376-4ECF-AB35-CE9914FB9087}.Ad-Hoc|iPhoneSimulator.Deploy.0 = Release|x86
		{F3C0C93E-6376-4ECF-AB35-CE9914FB9087}.Ad-Hoc|x64.ActiveCfg = Release|x64
		{F3C0C93E-6376-4ECF-AB35-CE9914FB9087}.Ad-Hoc|x64.Build.0 = Release|x64
		{F3C0C93E-6376-4ECF-AB35-CE9914FB9087}.Ad-Hoc|x64.Deploy.0 = Release|x64
		{F3C0C93E-6376-4ECF-AB35-CE9914FB9087}.Ad-Hoc|x86.ActiveCfg = Release|x86
		{F3C0C93E-6376-4ECF-AB35-CE9914FB9087}.Ad-Hoc|x86.Build.0 = Release|x86
		{F3C0C93E-6376-4ECF-AB35-CE9914FB9087}.Ad-Hoc|x86.Deploy.0 = Release|x86
		{F3C0C93E-6376-4ECF-AB35-CE9914FB9087}.AppStore|Any CPU.ActiveCfg = Release|x86
		{F3C0C93E-6376-4ECF-AB35-CE9914FB9087}.AppStore|Any CPU.Build.0 = Release|x86
		{F3C0C93E-6376-4ECF-AB35-CE9914FB9087}.AppStore|Any CPU.Deploy.0 = Release|x86
		{F3C0C93E-6376-4ECF-AB35-CE9914FB9087}.AppStore|ARM.ActiveCfg = Release|ARM
		{F3C0C93E-6376-4ECF-AB35-CE9914FB9087}.AppStore|ARM.Build.0 = Release|ARM
		{F3C0C93E-6376-4ECF-AB35-CE9914FB9087}.AppStore|ARM.Deploy.0 = Release|ARM
		{F3C0C93E-6376-4ECF-AB35-CE9914FB9087}.AppStore|iPhone.ActiveCfg = Release|x86
		{F3C0C93E-6376-4ECF-AB35-CE9914FB9087}.AppStore|iPhone.Build.0 = Release|x86
		{F3C0C93E-6376-4ECF-AB35-CE9914FB9087}.AppStore|iPhone.Deploy.0 = Release|x86
		{F3C0C93E-6376-4ECF-AB35-CE9914FB9087}.AppStore|iPhoneSimulator.ActiveCfg = Release|x86
		{F3C0C93E-6376-4ECF-AB35-CE9914FB9087}.AppStore|iPhoneSimulator.Build.0 = Release|x86
		{F3C0C93E-6376-4ECF-AB35-CE9914FB9087}.AppStore|iPhoneSimulator.Deploy.0 = Release|x86
		{F3C0C93E-6376-4ECF-AB35-CE9914FB9087}.AppStore|x64.ActiveCfg = Release|x64
		{F3C0C93E-6376-4ECF-AB35-CE9914FB9087}.AppStore|x64.Build.0 = Release|x64
		{F3C0C93E-6376-4ECF-AB35-CE9914FB9087}.AppStore|x64.Deploy.0 = Release|x64
		{F3C0C93E-6376-4ECF-AB35-CE9914FB9087}.AppStore|x86.ActiveCfg = Release|x86
		{F3C0C93E-6376-4ECF-AB35-CE9914FB9087}.AppStore|x86.Build.0 = Release|x86
		{F3C0C93E-6376-4ECF-AB35-CE9914FB9087}.AppStore|x86.Deploy.0 = Release|x86
		{F3C0C93E-6376-4ECF-AB35-CE9914FB9087}.Debug|Any CPU.ActiveCfg = Debug|x86
		{F3C0C93E-6376-4ECF-AB35-CE9914FB9087}.Debug|Any CPU.Build.0 = Debug|x86
		{F3C0C93E-6376-4ECF-AB35-CE9914FB9087}.Debug|Any CPU.Deploy.0 = Debug|x86
		{F3C0C93E-6376-4ECF-AB35-CE9914FB9087}.Debug|ARM.ActiveCfg = Debug|ARM
		{F3C0C93E-6376-4ECF-AB35-CE9914FB9087}.Debug|ARM.Build.0 = Debug|ARM
		{F3C0C93E-6376-4ECF-AB35-CE9914FB9087}.Debug|ARM.Deploy.0 = Debug|ARM
		{F3C0C93E-6376-4ECF-AB35-CE9914FB9087}.Debug|iPhone.ActiveCfg = Debug|x86
		{F3C0C93E-6376-4ECF-AB35-CE9914FB9087}.Debug|iPhone.Build.0 = Debug|x86
		{F3C0C93E-6376-4ECF-AB35-CE9914FB9087}.Debug|iPhone.Deploy.0 = Debug|x86
		{F3C0C93E-6376-4ECF-AB35-CE9914FB9087}.Debug|iPhoneSimulator.ActiveCfg = Debug|x86
		{F3C0C93E-6376-4ECF-AB35-CE9914FB9087}.Debug|iPhoneSimulator.Build.0 = Debug|x86
		{F3C0C93E-6376-4ECF-AB35-CE9914FB9087}.Debug|iPhoneSimulator.Deploy.0 = Debug|x86
		{F3C0C93E-6376-4ECF-AB35-CE9914FB9087}.Debug|x64.ActiveCfg = Debug|x64
		{F3C0C93E-6376-4ECF-AB35-CE9914FB9087}.Debug|x64.Build.0 = Debug|x64
		{F3C0C93E-6376-4ECF-AB35-CE9914FB9087}.Debug|x64.Deploy.0 = Debug|x64
		{F3C0C93E-6376-4ECF-AB35-CE9914FB9087}.Debug|x86.ActiveCfg = Debug|x86
		{F3C0C93E-6376-4ECF-AB35-CE9914FB9087}.Debug|x86.Build.0 = Debug|x86
		{F3C0C93E-6376-4ECF-AB35-CE9914FB9087}.Debug|x86.Deploy.0 = Debug|x86
		{F3C0C93E-6376-4ECF-AB35-CE9914FB9087}.Release|Any CPU.ActiveCfg = Release|x86
		{F3C0C93E-6376-4ECF-AB35-CE9914FB9087}.Release|Any CPU.Build.0 = Release|x86
		{F3C0C93E-6376-4ECF-AB35-CE9914FB9087}.Release|Any CPU.Deploy.0 = Release|x86
		{F3C0C93E-6376-4ECF-AB35-CE9914FB9087}.Release|ARM.ActiveCfg = Release|ARM
		{F3C0C93E-6376-4ECF-AB35-CE9914FB9087}.Release|ARM.Build.0 = Release|ARM
		{F3C0C93E-6376-4ECF-AB35-CE9914FB9087}.Release|ARM.Deploy.0 = Release|ARM
		{F3C0C93E-6376-4ECF-AB35-CE9914FB9087}.Release|iPhone.ActiveCfg = Release|x86
		{F3C0C93E-6376-4ECF-AB35-CE9914FB9087}.Release|iPhone.Build.0 = Release|x86
		{F3C0C93E-6376-4ECF-AB35-CE9914FB9087}.Release|iPhone.Deploy.0 = Release|x86
		{F3C0C93E-6376-4ECF-AB35-CE9914FB9087}.Release|iPhoneSimulator.ActiveCfg = Release|x86
		{F3C0C93E-6376-4ECF-AB35-CE9914FB9087}.Release|iPhoneSimulator.Build.0 = Release|x86
		{F3C0C93E-6376-4ECF-AB35-CE9914FB9087}.Release|iPhoneSimulator.Deploy.0 = Release|x86
		{F3C0C93E-6376-4ECF-AB35-CE9914FB9087}.Release|x64.ActiveCfg = Release|x64
		{F3C0C93E-6376-4ECF-AB35-CE9914FB9087}.Release|x64.Build.0 = Release|x64
		{F3C0C93E-6376-4ECF-AB35-CE9914FB9087}.Release|x64.Deploy.0 = Release|x64
		{F3C0C93E-6376-4ECF-AB35-CE9914FB9087}.Release|x86.ActiveCfg = Release|x86
		{F3C0C93E-6376-4ECF-AB35-CE9914FB9087}.Release|x86.Build.0 = Release|x86
		{F3C0C93E-6376-4ECF-AB35-CE9914FB9087}.Release|x86.Deploy.0 = Release|x86
		{C90DAA08-8507-4986-A2C2-B96DCA33A947}.Ad-Hoc|Any CPU.ActiveCfg = Debug|Any CPU
		{C90DAA08-8507-4986-A2C2-B96DCA33A947}.Ad-Hoc|Any CPU.Build.0 = Debug|Any CPU
		{C90DAA08-8507-4986-A2C2-B96DCA33A947}.Ad-Hoc|Any CPU.Deploy.0 = Debug|Any CPU
		{C90DAA08-8507-4986-A2C2-B96DCA33A947}.Ad-Hoc|ARM.ActiveCfg = Debug|Any CPU
		{C90DAA08-8507-4986-A2C2-B96DCA33A947}.Ad-Hoc|ARM.Build.0 = Debug|Any CPU
		{C90DAA08-8507-4986-A2C2-B96DCA33A947}.Ad-Hoc|ARM.Deploy.0 = Debug|Any CPU
		{C90DAA08-8507-4986-A2C2-B96DCA33A947}.Ad-Hoc|iPhone.ActiveCfg = Debug|Any CPU
		{C90DAA08-8507-4986-A2C2-B96DCA33A947}.Ad-Hoc|iPhone.Build.0 = Debug|Any CPU
		{C90DAA08-8507-4986-A2C2-B96DCA33A947}.Ad-Hoc|iPhone.Deploy.0 = Debug|Any CPU
		{C90DAA08-8507-4986-A2C2-B96DCA33A947}.Ad-Hoc|iPhoneSimulator.ActiveCfg = Debug|Any CPU
		{C90DAA08-8507-4986-A2C2-B96DCA33A947}.Ad-Hoc|iPhoneSimulator.Build.0 = Debug|Any CPU
		{C90DAA08-8507-4986-A2C2-B96DCA33A947}.Ad-Hoc|iPhoneSimulator.Deploy.0 = Debug|Any CPU
		{C90DAA08-8507-4986-A2C2-B96DCA33A947}.Ad-Hoc|x64.ActiveCfg = Debug|Any CPU
		{C90DAA08-8507-4986-A2C2-B96DCA33A947}.Ad-Hoc|x64.Build.0 = Debug|Any CPU
		{C90DAA08-8507-4986-A2C2-B96DCA33A947}.Ad-Hoc|x64.Deploy.0 = Debug|Any CPU
		{C90DAA08-8507-4986-A2C2-B96DCA33A947}.Ad-Hoc|x86.ActiveCfg = Debug|Any CPU
		{C90DAA08-8507-4986-A2C2-B96DCA33A947}.Ad-Hoc|x86.Build.0 = Debug|Any CPU
		{C90DAA08-8507-4986-A2C2-B96DCA33A947}.Ad-Hoc|x86.Deploy.0 = Debug|Any CPU
		{C90DAA08-8507-4986-A2C2-B96DCA33A947}.AppStore|Any CPU.ActiveCfg = Debug|Any CPU
		{C90DAA08-8507-4986-A2C2-B96DCA33A947}.AppStore|Any CPU.Build.0 = Debug|Any CPU
		{C90DAA08-8507-4986-A2C2-B96DCA33A947}.AppStore|Any CPU.Deploy.0 = Debug|Any CPU
		{C90DAA08-8507-4986-A2C2-B96DCA33A947}.AppStore|ARM.ActiveCfg = Debug|Any CPU
		{C90DAA08-8507-4986-A2C2-B96DCA33A947}.AppStore|ARM.Build.0 = Debug|Any CPU
		{C90DAA08-8507-4986-A2C2-B96DCA33A947}.AppStore|ARM.Deploy.0 = Debug|Any CPU
		{C90DAA08-8507-4986-A2C2-B96DCA33A947}.AppStore|iPhone.ActiveCfg = Debug|Any CPU
		{C90DAA08-8507-4986-A2C2-B96DCA33A947}.AppStore|iPhone.Build.0 = Debug|Any CPU
		{C90DAA08-8507-4986-A2C2-B96DCA33A947}.AppStore|iPhone.Deploy.0 = Debug|Any CPU
		{C90DAA08-8507-4986-A2C2-B96DCA33A947}.AppStore|iPhoneSimulator.ActiveCfg = Debug|Any CPU
		{C90DAA08-8507-4986-A2C2-B96DCA33A947}.AppStore|iPhoneSimulator.Build.0 = Debug|Any CPU
		{C90DAA08-8507-4986-A2C2-B96DCA33A947}.AppStore|iPhoneSimulator.Deploy.0 = Debug|Any CPU
		{C90DAA08-8507-4986-A2C2-B96DCA33A947}.AppStore|x64.ActiveCfg = Debug|Any CPU
		{C90DAA08-8507-4986-A2C2-B96DCA33A947}.AppStore|x64.Build.0 = Debug|Any CPU
		{C90DAA08-8507-4986-A2C2-B96DCA33A947}.AppStore|x64.Deploy.0 = Debug|Any CPU
		{C90DAA08-8507-4986-A2C2-B96DCA33A947}.AppStore|x86.ActiveCfg = Debug|Any CPU
		{C90DAA08-8507-4986-A2C2-B96DCA33A947}.AppStore|x86.Build.0 = Debug|Any CPU
		{C90DAA08-8507-4986-A2C2-B96DCA33A947}.AppStore|x86.Deploy.0 = Debug|Any CPU
		{C90DAA08-8507-4986-A2C2-B96DCA33A947}.Debug|Any CPU.ActiveCfg = Debug|Any CPU
		{C90DAA08-8507-4986-A2C2-B96DCA33A947}.Debug|Any CPU.Build.0 = Debug|Any CPU
		{C90DAA08-8507-4986-A2C2-B96DCA33A947}.Debug|Any CPU.Deploy.0 = Debug|Any CPU
		{C90DAA08-8507-4986-A2C2-B96DCA33A947}.Debug|ARM.ActiveCfg = Debug|Any CPU
		{C90DAA08-8507-4986-A2C2-B96DCA33A947}.Debug|ARM.Build.0 = Debug|Any CPU
		{C90DAA08-8507-4986-A2C2-B96DCA33A947}.Debug|ARM.Deploy.0 = Debug|Any CPU
		{C90DAA08-8507-4986-A2C2-B96DCA33A947}.Debug|iPhone.ActiveCfg = Debug|Any CPU
		{C90DAA08-8507-4986-A2C2-B96DCA33A947}.Debug|iPhone.Build.0 = Debug|Any CPU
		{C90DAA08-8507-4986-A2C2-B96DCA33A947}.Debug|iPhone.Deploy.0 = Debug|Any CPU
		{C90DAA08-8507-4986-A2C2-B96DCA33A947}.Debug|iPhoneSimulator.ActiveCfg = Debug|Any CPU
		{C90DAA08-8507-4986-A2C2-B96DCA33A947}.Debug|iPhoneSimulator.Build.0 = Debug|Any CPU
		{C90DAA08-8507-4986-A2C2-B96DCA33A947}.Debug|iPhoneSimulator.Deploy.0 = Debug|Any CPU
		{C90DAA08-8507-4986-A2C2-B96DCA33A947}.Debug|x64.ActiveCfg = Debug|Any CPU
		{C90DAA08-8507-4986-A2C2-B96DCA33A947}.Debug|x64.Build.0 = Debug|Any CPU
		{C90DAA08-8507-4986-A2C2-B96DCA33A947}.Debug|x64.Deploy.0 = Debug|Any CPU
		{C90DAA08-8507-4986-A2C2-B96DCA33A947}.Debug|x86.ActiveCfg = Debug|Any CPU
		{C90DAA08-8507-4986-A2C2-B96DCA33A947}.Debug|x86.Build.0 = Debug|Any CPU
		{C90DAA08-8507-4986-A2C2-B96DCA33A947}.Debug|x86.Deploy.0 = Debug|Any CPU
		{C90DAA08-8507-4986-A2C2-B96DCA33A947}.Release|Any CPU.ActiveCfg = Release|Any CPU
		{C90DAA08-8507-4986-A2C2-B96DCA33A947}.Release|Any CPU.Build.0 = Release|Any CPU
		{C90DAA08-8507-4986-A2C2-B96DCA33A947}.Release|Any CPU.Deploy.0 = Release|Any CPU
		{C90DAA08-8507-4986-A2C2-B96DCA33A947}.Release|ARM.ActiveCfg = Release|Any CPU
		{C90DAA08-8507-4986-A2C2-B96DCA33A947}.Release|ARM.Build.0 = Release|Any CPU
		{C90DAA08-8507-4986-A2C2-B96DCA33A947}.Release|ARM.Deploy.0 = Release|Any CPU
		{C90DAA08-8507-4986-A2C2-B96DCA33A947}.Release|iPhone.ActiveCfg = Release|Any CPU
		{C90DAA08-8507-4986-A2C2-B96DCA33A947}.Release|iPhone.Build.0 = Release|Any CPU
		{C90DAA08-8507-4986-A2C2-B96DCA33A947}.Release|iPhone.Deploy.0 = Release|Any CPU
		{C90DAA08-8507-4986-A2C2-B96DCA33A947}.Release|iPhoneSimulator.ActiveCfg = Release|Any CPU
		{C90DAA08-8507-4986-A2C2-B96DCA33A947}.Release|iPhoneSimulator.Build.0 = Release|Any CPU
		{C90DAA08-8507-4986-A2C2-B96DCA33A947}.Release|iPhoneSimulator.Deploy.0 = Release|Any CPU
		{C90DAA08-8507-4986-A2C2-B96DCA33A947}.Release|x64.ActiveCfg = Release|Any CPU
		{C90DAA08-8507-4986-A2C2-B96DCA33A947}.Release|x64.Build.0 = Release|Any CPU
		{C90DAA08-8507-4986-A2C2-B96DCA33A947}.Release|x64.Deploy.0 = Release|Any CPU
		{C90DAA08-8507-4986-A2C2-B96DCA33A947}.Release|x86.ActiveCfg = Release|Any CPU
		{C90DAA08-8507-4986-A2C2-B96DCA33A947}.Release|x86.Build.0 = Release|Any CPU
		{C90DAA08-8507-4986-A2C2-B96DCA33A947}.Release|x86.Deploy.0 = Release|Any CPU
		{AA892179-6DAA-4B11-BCE6-9EFDB72BE060}.Ad-Hoc|Any CPU.ActiveCfg = Release|Any CPU
		{AA892179-6DAA-4B11-BCE6-9EFDB72BE060}.Ad-Hoc|Any CPU.Build.0 = Release|Any CPU
		{AA892179-6DAA-4B11-BCE6-9EFDB72BE060}.Ad-Hoc|ARM.ActiveCfg = Release|Any CPU
		{AA892179-6DAA-4B11-BCE6-9EFDB72BE060}.Ad-Hoc|ARM.Build.0 = Release|Any CPU
		{AA892179-6DAA-4B11-BCE6-9EFDB72BE060}.Ad-Hoc|iPhone.ActiveCfg = Release|Any CPU
		{AA892179-6DAA-4B11-BCE6-9EFDB72BE060}.Ad-Hoc|iPhone.Build.0 = Release|Any CPU
		{AA892179-6DAA-4B11-BCE6-9EFDB72BE060}.Ad-Hoc|iPhoneSimulator.ActiveCfg = Release|Any CPU
		{AA892179-6DAA-4B11-BCE6-9EFDB72BE060}.Ad-Hoc|iPhoneSimulator.Build.0 = Release|Any CPU
		{AA892179-6DAA-4B11-BCE6-9EFDB72BE060}.Ad-Hoc|x64.ActiveCfg = Release|Any CPU
		{AA892179-6DAA-4B11-BCE6-9EFDB72BE060}.Ad-Hoc|x64.Build.0 = Release|Any CPU
		{AA892179-6DAA-4B11-BCE6-9EFDB72BE060}.Ad-Hoc|x86.ActiveCfg = Release|Any CPU
		{AA892179-6DAA-4B11-BCE6-9EFDB72BE060}.Ad-Hoc|x86.Build.0 = Release|Any CPU
		{AA892179-6DAA-4B11-BCE6-9EFDB72BE060}.AppStore|Any CPU.ActiveCfg = Release|Any CPU
		{AA892179-6DAA-4B11-BCE6-9EFDB72BE060}.AppStore|Any CPU.Build.0 = Release|Any CPU
		{AA892179-6DAA-4B11-BCE6-9EFDB72BE060}.AppStore|ARM.ActiveCfg = Release|Any CPU
		{AA892179-6DAA-4B11-BCE6-9EFDB72BE060}.AppStore|ARM.Build.0 = Release|Any CPU
		{AA892179-6DAA-4B11-BCE6-9EFDB72BE060}.AppStore|iPhone.ActiveCfg = Release|Any CPU
		{AA892179-6DAA-4B11-BCE6-9EFDB72BE060}.AppStore|iPhone.Build.0 = Release|Any CPU
		{AA892179-6DAA-4B11-BCE6-9EFDB72BE060}.AppStore|iPhoneSimulator.ActiveCfg = Release|Any CPU
		{AA892179-6DAA-4B11-BCE6-9EFDB72BE060}.AppStore|iPhoneSimulator.Build.0 = Release|Any CPU
		{AA892179-6DAA-4B11-BCE6-9EFDB72BE060}.AppStore|x64.ActiveCfg = Release|Any CPU
		{AA892179-6DAA-4B11-BCE6-9EFDB72BE060}.AppStore|x64.Build.0 = Release|Any CPU
		{AA892179-6DAA-4B11-BCE6-9EFDB72BE060}.AppStore|x86.ActiveCfg = Release|Any CPU
		{AA892179-6DAA-4B11-BCE6-9EFDB72BE060}.AppStore|x86.Build.0 = Release|Any CPU
		{AA892179-6DAA-4B11-BCE6-9EFDB72BE060}.Debug|Any CPU.ActiveCfg = Debug|Any CPU
		{AA892179-6DAA-4B11-BCE6-9EFDB72BE060}.Debug|Any CPU.Build.0 = Debug|Any CPU
		{AA892179-6DAA-4B11-BCE6-9EFDB72BE060}.Debug|ARM.ActiveCfg = Debug|Any CPU
		{AA892179-6DAA-4B11-BCE6-9EFDB72BE060}.Debug|ARM.Build.0 = Debug|Any CPU
		{AA892179-6DAA-4B11-BCE6-9EFDB72BE060}.Debug|iPhone.ActiveCfg = Debug|Any CPU
		{AA892179-6DAA-4B11-BCE6-9EFDB72BE060}.Debug|iPhone.Build.0 = Debug|Any CPU
		{AA892179-6DAA-4B11-BCE6-9EFDB72BE060}.Debug|iPhoneSimulator.ActiveCfg = Debug|Any CPU
		{AA892179-6DAA-4B11-BCE6-9EFDB72BE060}.Debug|iPhoneSimulator.Build.0 = Debug|Any CPU
		{AA892179-6DAA-4B11-BCE6-9EFDB72BE060}.Debug|x64.ActiveCfg = Debug|Any CPU
		{AA892179-6DAA-4B11-BCE6-9EFDB72BE060}.Debug|x64.Build.0 = Debug|Any CPU
		{AA892179-6DAA-4B11-BCE6-9EFDB72BE060}.Debug|x86.ActiveCfg = Debug|Any CPU
		{AA892179-6DAA-4B11-BCE6-9EFDB72BE060}.Debug|x86.Build.0 = Debug|Any CPU
		{AA892179-6DAA-4B11-BCE6-9EFDB72BE060}.Release|Any CPU.ActiveCfg = Release|Any CPU
		{AA892179-6DAA-4B11-BCE6-9EFDB72BE060}.Release|Any CPU.Build.0 = Release|Any CPU
		{AA892179-6DAA-4B11-BCE6-9EFDB72BE060}.Release|ARM.ActiveCfg = Release|Any CPU
		{AA892179-6DAA-4B11-BCE6-9EFDB72BE060}.Release|ARM.Build.0 = Release|Any CPU
		{AA892179-6DAA-4B11-BCE6-9EFDB72BE060}.Release|iPhone.ActiveCfg = Release|Any CPU
		{AA892179-6DAA-4B11-BCE6-9EFDB72BE060}.Release|iPhone.Build.0 = Release|Any CPU
		{AA892179-6DAA-4B11-BCE6-9EFDB72BE060}.Release|iPhoneSimulator.ActiveCfg = Release|Any CPU
		{AA892179-6DAA-4B11-BCE6-9EFDB72BE060}.Release|iPhoneSimulator.Build.0 = Release|Any CPU
		{AA892179-6DAA-4B11-BCE6-9EFDB72BE060}.Release|x64.ActiveCfg = Release|Any CPU
		{AA892179-6DAA-4B11-BCE6-9EFDB72BE060}.Release|x64.Build.0 = Release|Any CPU
		{AA892179-6DAA-4B11-BCE6-9EFDB72BE060}.Release|x86.ActiveCfg = Release|Any CPU
		{AA892179-6DAA-4B11-BCE6-9EFDB72BE060}.Release|x86.Build.0 = Release|Any CPU
		{9157E3F9-3CFB-42D2-A3AE-CFA63316D058}.Ad-Hoc|Any CPU.ActiveCfg = Debug|Any CPU
		{9157E3F9-3CFB-42D2-A3AE-CFA63316D058}.Ad-Hoc|Any CPU.Build.0 = Debug|Any CPU
		{9157E3F9-3CFB-42D2-A3AE-CFA63316D058}.Ad-Hoc|ARM.ActiveCfg = Debug|Any CPU
		{9157E3F9-3CFB-42D2-A3AE-CFA63316D058}.Ad-Hoc|ARM.Build.0 = Debug|Any CPU
		{9157E3F9-3CFB-42D2-A3AE-CFA63316D058}.Ad-Hoc|iPhone.ActiveCfg = Debug|Any CPU
		{9157E3F9-3CFB-42D2-A3AE-CFA63316D058}.Ad-Hoc|iPhone.Build.0 = Debug|Any CPU
		{9157E3F9-3CFB-42D2-A3AE-CFA63316D058}.Ad-Hoc|iPhoneSimulator.ActiveCfg = Debug|Any CPU
		{9157E3F9-3CFB-42D2-A3AE-CFA63316D058}.Ad-Hoc|iPhoneSimulator.Build.0 = Debug|Any CPU
		{9157E3F9-3CFB-42D2-A3AE-CFA63316D058}.Ad-Hoc|x64.ActiveCfg = Debug|Any CPU
		{9157E3F9-3CFB-42D2-A3AE-CFA63316D058}.Ad-Hoc|x64.Build.0 = Debug|Any CPU
		{9157E3F9-3CFB-42D2-A3AE-CFA63316D058}.Ad-Hoc|x86.ActiveCfg = Debug|Any CPU
		{9157E3F9-3CFB-42D2-A3AE-CFA63316D058}.Ad-Hoc|x86.Build.0 = Debug|Any CPU
		{9157E3F9-3CFB-42D2-A3AE-CFA63316D058}.AppStore|Any CPU.ActiveCfg = Debug|Any CPU
		{9157E3F9-3CFB-42D2-A3AE-CFA63316D058}.AppStore|Any CPU.Build.0 = Debug|Any CPU
		{9157E3F9-3CFB-42D2-A3AE-CFA63316D058}.AppStore|ARM.ActiveCfg = Debug|Any CPU
		{9157E3F9-3CFB-42D2-A3AE-CFA63316D058}.AppStore|ARM.Build.0 = Debug|Any CPU
		{9157E3F9-3CFB-42D2-A3AE-CFA63316D058}.AppStore|iPhone.ActiveCfg = Debug|Any CPU
		{9157E3F9-3CFB-42D2-A3AE-CFA63316D058}.AppStore|iPhone.Build.0 = Debug|Any CPU
		{9157E3F9-3CFB-42D2-A3AE-CFA63316D058}.AppStore|iPhoneSimulator.ActiveCfg = Debug|Any CPU
		{9157E3F9-3CFB-42D2-A3AE-CFA63316D058}.AppStore|iPhoneSimulator.Build.0 = Debug|Any CPU
		{9157E3F9-3CFB-42D2-A3AE-CFA63316D058}.AppStore|x64.ActiveCfg = Debug|Any CPU
		{9157E3F9-3CFB-42D2-A3AE-CFA63316D058}.AppStore|x64.Build.0 = Debug|Any CPU
		{9157E3F9-3CFB-42D2-A3AE-CFA63316D058}.AppStore|x86.ActiveCfg = Debug|Any CPU
		{9157E3F9-3CFB-42D2-A3AE-CFA63316D058}.AppStore|x86.Build.0 = Debug|Any CPU
		{9157E3F9-3CFB-42D2-A3AE-CFA63316D058}.Debug|Any CPU.ActiveCfg = Debug|Any CPU
		{9157E3F9-3CFB-42D2-A3AE-CFA63316D058}.Debug|Any CPU.Build.0 = Debug|Any CPU
		{9157E3F9-3CFB-42D2-A3AE-CFA63316D058}.Debug|ARM.ActiveCfg = Debug|Any CPU
		{9157E3F9-3CFB-42D2-A3AE-CFA63316D058}.Debug|ARM.Build.0 = Debug|Any CPU
		{9157E3F9-3CFB-42D2-A3AE-CFA63316D058}.Debug|iPhone.ActiveCfg = Debug|Any CPU
		{9157E3F9-3CFB-42D2-A3AE-CFA63316D058}.Debug|iPhone.Build.0 = Debug|Any CPU
		{9157E3F9-3CFB-42D2-A3AE-CFA63316D058}.Debug|iPhoneSimulator.ActiveCfg = Debug|Any CPU
		{9157E3F9-3CFB-42D2-A3AE-CFA63316D058}.Debug|iPhoneSimulator.Build.0 = Debug|Any CPU
		{9157E3F9-3CFB-42D2-A3AE-CFA63316D058}.Debug|x64.ActiveCfg = Debug|Any CPU
		{9157E3F9-3CFB-42D2-A3AE-CFA63316D058}.Debug|x64.Build.0 = Debug|Any CPU
		{9157E3F9-3CFB-42D2-A3AE-CFA63316D058}.Debug|x86.ActiveCfg = Debug|Any CPU
		{9157E3F9-3CFB-42D2-A3AE-CFA63316D058}.Debug|x86.Build.0 = Debug|Any CPU
		{9157E3F9-3CFB-42D2-A3AE-CFA63316D058}.Release|Any CPU.ActiveCfg = Release|Any CPU
		{9157E3F9-3CFB-42D2-A3AE-CFA63316D058}.Release|Any CPU.Build.0 = Release|Any CPU
		{9157E3F9-3CFB-42D2-A3AE-CFA63316D058}.Release|ARM.ActiveCfg = Release|Any CPU
		{9157E3F9-3CFB-42D2-A3AE-CFA63316D058}.Release|ARM.Build.0 = Release|Any CPU
		{9157E3F9-3CFB-42D2-A3AE-CFA63316D058}.Release|iPhone.ActiveCfg = Release|Any CPU
		{9157E3F9-3CFB-42D2-A3AE-CFA63316D058}.Release|iPhone.Build.0 = Release|Any CPU
		{9157E3F9-3CFB-42D2-A3AE-CFA63316D058}.Release|iPhoneSimulator.ActiveCfg = Release|Any CPU
		{9157E3F9-3CFB-42D2-A3AE-CFA63316D058}.Release|iPhoneSimulator.Build.0 = Release|Any CPU
		{9157E3F9-3CFB-42D2-A3AE-CFA63316D058}.Release|x64.ActiveCfg = Release|Any CPU
		{9157E3F9-3CFB-42D2-A3AE-CFA63316D058}.Release|x64.Build.0 = Release|Any CPU
		{9157E3F9-3CFB-42D2-A3AE-CFA63316D058}.Release|x86.ActiveCfg = Release|Any CPU
		{9157E3F9-3CFB-42D2-A3AE-CFA63316D058}.Release|x86.Build.0 = Release|Any CPU
	EndGlobalSection
	GlobalSection(SolutionProperties) = preSolution
		HideSolutionNode = FALSE
	EndGlobalSection
	GlobalSection(ExtensibilityGlobals) = postSolution
		SolutionGuid = {5E6D0982-79AB-4154-A564-8D551DF5582C}
	EndGlobalSection
EndGlobal
